// !$*UTF8*$!
{
	archiveVersion = 1;
	classes = {
	};
	objectVersion = 46;
	objects = {

/* Begin PBXBuildFile section */
		1744F51B1F676849007B4681 /* main.m in Sources */ = {isa = PBXBuildFile; fileRef = 1744F51A1F676849007B4681 /* main.m */; };
		1744F51E1F676849007B4681 /* AppDelegate.m in Sources */ = {isa = PBXBuildFile; fileRef = 1744F51D1F676849007B4681 /* AppDelegate.m */; };
		1744F5211F676849007B4681 /* ViewController.m in Sources */ = {isa = PBXBuildFile; fileRef = 1744F5201F676849007B4681 /* ViewController.m */; };
		1744F5241F676849007B4681 /* Main.storyboard in Resources */ = {isa = PBXBuildFile; fileRef = 1744F5221F676849007B4681 /* Main.storyboard */; };
		1744F5261F676849007B4681 /* Assets.xcassets in Resources */ = {isa = PBXBuildFile; fileRef = 1744F5251F676849007B4681 /* Assets.xcassets */; };
		1744F5291F676849007B4681 /* LaunchScreen.storyboard in Resources */ = {isa = PBXBuildFile; fileRef = 1744F5271F676849007B4681 /* LaunchScreen.storyboard */; };
		1744F5341F67684A007B4681 /* TransactionListTests.m in Sources */ = {isa = PBXBuildFile; fileRef = 1744F5331F67684A007B4681 /* TransactionListTests.m */; };
		1744F53F1F67684A007B4681 /* TransactionListUITests.m in Sources */ = {isa = PBXBuildFile; fileRef = 1744F53E1F67684A007B4681 /* TransactionListUITests.m */; };
		176413EF1F6827FA00AC304B /* ZJLTabBar.m in Sources */ = {isa = PBXBuildFile; fileRef = 176413EE1F6827FA00AC304B /* ZJLTabBar.m */; };
		176413F21F68282900AC304B /* ZJLTabBarController.m in Sources */ = {isa = PBXBuildFile; fileRef = 176413F11F68282900AC304B /* ZJLTabBarController.m */; };
		176413F51F68287800AC304B /* ZJLNavigationController.m in Sources */ = {isa = PBXBuildFile; fileRef = 176413F41F68287800AC304B /* ZJLNavigationController.m */; };
		9ACBF4D77E1A8FF627EAD2C9 /* libPods-TransactionList.a in Frameworks */ = {isa = PBXBuildFile; fileRef = 7338682C28A546AFA182DCEE /* libPods-TransactionList.a */; };
/* End PBXBuildFile section */

/* Begin PBXContainerItemProxy section */
		1744F5301F67684A007B4681 /* PBXContainerItemProxy */ = {
			isa = PBXContainerItemProxy;
			containerPortal = 1744F50E1F676849007B4681 /* Project object */;
			proxyType = 1;
			remoteGlobalIDString = 1744F5151F676849007B4681;
			remoteInfo = TransactionList;
		};
		1744F53B1F67684A007B4681 /* PBXContainerItemProxy */ = {
			isa = PBXContainerItemProxy;
			containerPortal = 1744F50E1F676849007B4681 /* Project object */;
			proxyType = 1;
			remoteGlobalIDString = 1744F5151F676849007B4681;
			remoteInfo = TransactionList;
		};
/* End PBXContainerItemProxy section */

/* Begin PBXFileReference section */
		011159C39A5678A6FED230D5 /* Pods-TransactionList.debug.xcconfig */ = {isa = PBXFileReference; includeInIndex = 1; lastKnownFileType = text.xcconfig; name = "Pods-TransactionList.debug.xcconfig"; path = "Pods/Target Support Files/Pods-TransactionList/Pods-TransactionList.debug.xcconfig"; sourceTree = "<group>"; };
		1744F5161F676849007B4681 /* TransactionList.app */ = {isa = PBXFileReference; explicitFileType = wrapper.application; includeInIndex = 0; path = TransactionList.app; sourceTree = BUILT_PRODUCTS_DIR; };
		1744F51A1F676849007B4681 /* main.m */ = {isa = PBXFileReference; lastKnownFileType = sourcecode.c.objc; path = main.m; sourceTree = "<group>"; };
		1744F51C1F676849007B4681 /* AppDelegate.h */ = {isa = PBXFileReference; lastKnownFileType = sourcecode.c.h; path = AppDelegate.h; sourceTree = "<group>"; };
		1744F51D1F676849007B4681 /* AppDelegate.m */ = {isa = PBXFileReference; lastKnownFileType = sourcecode.c.objc; path = AppDelegate.m; sourceTree = "<group>"; };
		1744F51F1F676849007B4681 /* ViewController.h */ = {isa = PBXFileReference; lastKnownFileType = sourcecode.c.h; path = ViewController.h; sourceTree = "<group>"; };
		1744F5201F676849007B4681 /* ViewController.m */ = {isa = PBXFileReference; lastKnownFileType = sourcecode.c.objc; path = ViewController.m; sourceTree = "<group>"; };
		1744F5231F676849007B4681 /* Base */ = {isa = PBXFileReference; lastKnownFileType = file.storyboard; name = Base; path = Base.lproj/Main.storyboard; sourceTree = "<group>"; };
		1744F5251F676849007B4681 /* Assets.xcassets */ = {isa = PBXFileReference; lastKnownFileType = folder.assetcatalog; path = Assets.xcassets; sourceTree = "<group>"; };
		1744F5281F676849007B4681 /* Base */ = {isa = PBXFileReference; lastKnownFileType = file.storyboard; name = Base; path = Base.lproj/LaunchScreen.storyboard; sourceTree = "<group>"; };
		1744F52A1F676849007B4681 /* Info.plist */ = {isa = PBXFileReference; lastKnownFileType = text.plist.xml; path = Info.plist; sourceTree = "<group>"; };
		1744F52F1F67684A007B4681 /* TransactionListTests.xctest */ = {isa = PBXFileReference; explicitFileType = wrapper.cfbundle; includeInIndex = 0; path = TransactionListTests.xctest; sourceTree = BUILT_PRODUCTS_DIR; };
		1744F5331F67684A007B4681 /* TransactionListTests.m */ = {isa = PBXFileReference; lastKnownFileType = sourcecode.c.objc; path = TransactionListTests.m; sourceTree = "<group>"; };
		1744F5351F67684A007B4681 /* Info.plist */ = {isa = PBXFileReference; lastKnownFileType = text.plist.xml; path = Info.plist; sourceTree = "<group>"; };
		1744F53A1F67684A007B4681 /* TransactionListUITests.xctest */ = {isa = PBXFileReference; explicitFileType = wrapper.cfbundle; includeInIndex = 0; path = TransactionListUITests.xctest; sourceTree = BUILT_PRODUCTS_DIR; };
		1744F53E1F67684A007B4681 /* TransactionListUITests.m */ = {isa = PBXFileReference; lastKnownFileType = sourcecode.c.objc; path = TransactionListUITests.m; sourceTree = "<group>"; };
		1744F5401F67684A007B4681 /* Info.plist */ = {isa = PBXFileReference; lastKnownFileType = text.plist.xml; path = Info.plist; sourceTree = "<group>"; };
		176413ED1F6827FA00AC304B /* ZJLTabBar.h */ = {isa = PBXFileReference; fileEncoding = 4; lastKnownFileType = sourcecode.c.h; path = ZJLTabBar.h; sourceTree = "<group>"; };
		176413EE1F6827FA00AC304B /* ZJLTabBar.m */ = {isa = PBXFileReference; fileEncoding = 4; lastKnownFileType = sourcecode.c.objc; path = ZJLTabBar.m; sourceTree = "<group>"; };
		176413F01F68282900AC304B /* ZJLTabBarController.h */ = {isa = PBXFileReference; fileEncoding = 4; lastKnownFileType = sourcecode.c.h; path = ZJLTabBarController.h; sourceTree = "<group>"; };
		176413F11F68282900AC304B /* ZJLTabBarController.m */ = {isa = PBXFileReference; fileEncoding = 4; lastKnownFileType = sourcecode.c.objc; path = ZJLTabBarController.m; sourceTree = "<group>"; };
		176413F31F68287800AC304B /* ZJLNavigationController.h */ = {isa = PBXFileReference; fileEncoding = 4; lastKnownFileType = sourcecode.c.h; path = ZJLNavigationController.h; sourceTree = "<group>"; };
		176413F41F68287800AC304B /* ZJLNavigationController.m */ = {isa = PBXFileReference; fileEncoding = 4; lastKnownFileType = sourcecode.c.objc; path = ZJLNavigationController.m; sourceTree = "<group>"; };
		7338682C28A546AFA182DCEE /* libPods-TransactionList.a */ = {isa = PBXFileReference; explicitFileType = archive.ar; includeInIndex = 0; path = "libPods-TransactionList.a"; sourceTree = BUILT_PRODUCTS_DIR; };
		95B653BDF32043E77691B281 /* Pods-TransactionList.release.xcconfig */ = {isa = PBXFileReference; includeInIndex = 1; lastKnownFileType = text.xcconfig; name = "Pods-TransactionList.release.xcconfig"; path = "Pods/Target Support Files/Pods-TransactionList/Pods-TransactionList.release.xcconfig"; sourceTree = "<group>"; };
/* End PBXFileReference section */

/* Begin PBXFrameworksBuildPhase section */
		1744F5131F676849007B4681 /* Frameworks */ = {
			isa = PBXFrameworksBuildPhase;
			buildActionMask = 2147483647;
			files = (
				9ACBF4D77E1A8FF627EAD2C9 /* libPods-TransactionList.a in Frameworks */,
			);
			runOnlyForDeploymentPostprocessing = 0;
		};
		1744F52C1F67684A007B4681 /* Frameworks */ = {
			isa = PBXFrameworksBuildPhase;
			buildActionMask = 2147483647;
			files = (
			);
			runOnlyForDeploymentPostprocessing = 0;
		};
		1744F5371F67684A007B4681 /* Frameworks */ = {
			isa = PBXFrameworksBuildPhase;
			buildActionMask = 2147483647;
			files = (
			);
			runOnlyForDeploymentPostprocessing = 0;
		};
/* End PBXFrameworksBuildPhase section */

/* Begin PBXGroup section */
		1744F50D1F676849007B4681 = {
			isa = PBXGroup;
			children = (
				1744F5181F676849007B4681 /* TransactionList */,
				1744F5321F67684A007B4681 /* TransactionListTests */,
				1744F53D1F67684A007B4681 /* TransactionListUITests */,
				1744F5171F676849007B4681 /* Products */,
				ED48B7B857D5C787B6AFAA62 /* Pods */,
				7E89CEDA06CCF7158210340D /* Frameworks */,
			);
			sourceTree = "<group>";
		};
		1744F5171F676849007B4681 /* Products */ = {
			isa = PBXGroup;
			children = (
				1744F5161F676849007B4681 /* TransactionList.app */,
				1744F52F1F67684A007B4681 /* TransactionListTests.xctest */,
				1744F53A1F67684A007B4681 /* TransactionListUITests.xctest */,
			);
			name = Products;
			sourceTree = "<group>";
		};
		1744F5181F676849007B4681 /* TransactionList */ = {
			isa = PBXGroup;
			children = (
				1744F5551F678F5E007B4681 /* Resource */,
				1744F5541F678F53007B4681 /* Class */,
				1744F5531F678F45007B4681 /* APPDelegate */,
				1744F51F1F676849007B4681 /* ViewController.h */,
				1744F5201F676849007B4681 /* ViewController.m */,
				1744F5221F676849007B4681 /* Main.storyboard */,
				1744F5251F676849007B4681 /* Assets.xcassets */,
				1744F5271F676849007B4681 /* LaunchScreen.storyboard */,
				1744F52A1F676849007B4681 /* Info.plist */,
				1744F5191F676849007B4681 /* Supporting Files */,
			);
			path = TransactionList;
			sourceTree = "<group>";
		};
		1744F5191F676849007B4681 /* Supporting Files */ = {
			isa = PBXGroup;
			children = (
				1744F51A1F676849007B4681 /* main.m */,
			);
			name = "Supporting Files";
			sourceTree = "<group>";
		};
		1744F5321F67684A007B4681 /* TransactionListTests */ = {
			isa = PBXGroup;
			children = (
				1744F5331F67684A007B4681 /* TransactionListTests.m */,
				1744F5351F67684A007B4681 /* Info.plist */,
			);
			path = TransactionListTests;
			sourceTree = "<group>";
		};
		1744F53D1F67684A007B4681 /* TransactionListUITests */ = {
			isa = PBXGroup;
			children = (
				1744F53E1F67684A007B4681 /* TransactionListUITests.m */,
				1744F5401F67684A007B4681 /* Info.plist */,
			);
			path = TransactionListUITests;
			sourceTree = "<group>";
		};
		1744F5531F678F45007B4681 /* APPDelegate */ = {
			isa = PBXGroup;
			children = (
				1744F51C1F676849007B4681 /* AppDelegate.h */,
				1744F51D1F676849007B4681 /* AppDelegate.m */,
			);
			name = APPDelegate;
			sourceTree = "<group>";
		};
		1744F5541F678F53007B4681 /* Class */ = {
			isa = PBXGroup;
			children = (
				1744F55E1F679001007B4681 /* Vendors */,
				1744F55D1F678FF5007B4681 /* Sections */,
				1744F55C1F678FE5007B4681 /* Macro */,
				1744F55B1F678FD9007B4681 /* Helpers */,
				1744F55A1F678FD0007B4681 /* General */,
			);
			name = Class;
			sourceTree = "<group>";
		};
		1744F5551F678F5E007B4681 /* Resource */ = {
			isa = PBXGroup;
			children = (
				1744F5591F678FB0007B4681 /* Videos */,
				1744F5581F678FA6007B4681 /* Sound */,
				1744F5571F678F9B007B4681 /* Images */,
				1744F5561F678F93007B4681 /* Fonts */,
			);
			name = Resource;
			sourceTree = "<group>";
		};
		1744F5561F678F93007B4681 /* Fonts */ = {
			isa = PBXGroup;
			children = (
			);
			name = Fonts;
			sourceTree = "<group>";
		};
		1744F5571F678F9B007B4681 /* Images */ = {
			isa = PBXGroup;
			children = (
			);
			name = Images;
			sourceTree = "<group>";
		};
		1744F5581F678FA6007B4681 /* Sound */ = {
			isa = PBXGroup;
			children = (
			);
			name = Sound;
			sourceTree = "<group>";
		};
		1744F5591F678FB0007B4681 /* Videos */ = {
			isa = PBXGroup;
			children = (
			);
			name = Videos;
			sourceTree = "<group>";
		};
		1744F55A1F678FD0007B4681 /* General */ = {
			isa = PBXGroup;
			children = (
				176413EA1F68278B00AC304B /* MainFrame */,
			);
			name = General;
			sourceTree = "<group>";
		};
		1744F55B1F678FD9007B4681 /* Helpers */ = {
			isa = PBXGroup;
			children = (
			);
			name = Helpers;
			sourceTree = "<group>";
		};
		1744F55C1F678FE5007B4681 /* Macro */ = {
			isa = PBXGroup;
			children = (
			);
			name = Macro;
			sourceTree = "<group>";
		};
		1744F55D1F678FF5007B4681 /* Sections */ = {
			isa = PBXGroup;
			children = (
			);
			name = Sections;
			sourceTree = "<group>";
		};
		1744F55E1F679001007B4681 /* Vendors */ = {
			isa = PBXGroup;
			children = (
				1744F5641F679058007B4681 /* Views */,
				1744F5631F679050007B4681 /* Public */,
				1744F5621F679048007B4681 /* Models */,
				1744F5611F679040007B4681 /* Core */,
				1744F5601F679035007B4681 /* Categories */,
				1744F55F1F67902F007B4681 /* Base */,
			);
			name = Vendors;
			sourceTree = "<group>";
		};
		1744F55F1F67902F007B4681 /* Base */ = {
			isa = PBXGroup;
			children = (
			);
			name = Base;
			sourceTree = "<group>";
		};
		1744F5601F679035007B4681 /* Categories */ = {
			isa = PBXGroup;
			children = (
			);
			name = Categories;
			sourceTree = "<group>";
		};
		1744F5611F679040007B4681 /* Core */ = {
			isa = PBXGroup;
			children = (
			);
			name = Core;
			sourceTree = "<group>";
		};
		1744F5621F679048007B4681 /* Models */ = {
			isa = PBXGroup;
			children = (
			);
			name = Models;
			sourceTree = "<group>";
		};
		1744F5631F679050007B4681 /* Public */ = {
			isa = PBXGroup;
			children = (
			);
			name = Public;
			sourceTree = "<group>";
		};
		1744F5641F679058007B4681 /* Views */ = {
			isa = PBXGroup;
			children = (
			);
			name = Views;
			sourceTree = "<group>";
		};
		176413EA1F68278B00AC304B /* MainFrame */ = {
			isa = PBXGroup;
			children = (
				176413EC1F6827CF00AC304B /* Controller */,
				176413EB1F6827BD00AC304B /* View */,
			);
			name = MainFrame;
			sourceTree = "<group>";
		};
		176413EB1F6827BD00AC304B /* View */ = {
			isa = PBXGroup;
			children = (
				176413ED1F6827FA00AC304B /* ZJLTabBar.h */,
				176413EE1F6827FA00AC304B /* ZJLTabBar.m */,
			);
			name = View;
			sourceTree = "<group>";
		};
		176413EC1F6827CF00AC304B /* Controller */ = {
			isa = PBXGroup;
			children = (
				176413F01F68282900AC304B /* ZJLTabBarController.h */,
				176413F11F68282900AC304B /* ZJLTabBarController.m */,
				176413F31F68287800AC304B /* ZJLNavigationController.h */,
				176413F41F68287800AC304B /* ZJLNavigationController.m */,
			);
			name = Controller;
			sourceTree = "<group>";
		};
		7E89CEDA06CCF7158210340D /* Frameworks */ = {
			isa = PBXGroup;
			children = (
				7338682C28A546AFA182DCEE /* libPods-TransactionList.a */,
			);
			name = Frameworks;
			sourceTree = "<group>";
		};
		ED48B7B857D5C787B6AFAA62 /* Pods */ = {
			isa = PBXGroup;
			children = (
				011159C39A5678A6FED230D5 /* Pods-TransactionList.debug.xcconfig */,
				95B653BDF32043E77691B281 /* Pods-TransactionList.release.xcconfig */,
			);
			name = Pods;
			sourceTree = "<group>";
		};
/* End PBXGroup section */

/* Begin PBXNativeTarget section */
		1744F5151F676849007B4681 /* TransactionList */ = {
			isa = PBXNativeTarget;
			buildConfigurationList = 1744F5431F67684A007B4681 /* Build configuration list for PBXNativeTarget "TransactionList" */;
			buildPhases = (
				B9371734B6BD0677B0A28E47 /* [CP] Check Pods Manifest.lock */,
				1744F5121F676849007B4681 /* Sources */,
				1744F5131F676849007B4681 /* Frameworks */,
				1744F5141F676849007B4681 /* Resources */,
				866FB96DC485A6939052FB5B /* [CP] Embed Pods Frameworks */,
				79A3F06C9D3C3BDC0A1F9866 /* [CP] Copy Pods Resources */,
			);
			buildRules = (
			);
			dependencies = (
			);
			name = TransactionList;
			productName = TransactionList;
			productReference = 1744F5161F676849007B4681 /* TransactionList.app */;
			productType = "com.apple.product-type.application";
		};
		1744F52E1F67684A007B4681 /* TransactionListTests */ = {
			isa = PBXNativeTarget;
			buildConfigurationList = 1744F5461F67684A007B4681 /* Build configuration list for PBXNativeTarget "TransactionListTests" */;
			buildPhases = (
				1744F52B1F67684A007B4681 /* Sources */,
				1744F52C1F67684A007B4681 /* Frameworks */,
				1744F52D1F67684A007B4681 /* Resources */,
			);
			buildRules = (
			);
			dependencies = (
				1744F5311F67684A007B4681 /* PBXTargetDependency */,
			);
			name = TransactionListTests;
			productName = TransactionListTests;
			productReference = 1744F52F1F67684A007B4681 /* TransactionListTests.xctest */;
			productType = "com.apple.product-type.bundle.unit-test";
		};
		1744F5391F67684A007B4681 /* TransactionListUITests */ = {
			isa = PBXNativeTarget;
			buildConfigurationList = 1744F5491F67684A007B4681 /* Build configuration list for PBXNativeTarget "TransactionListUITests" */;
			buildPhases = (
				1744F5361F67684A007B4681 /* Sources */,
				1744F5371F67684A007B4681 /* Frameworks */,
				1744F5381F67684A007B4681 /* Resources */,
			);
			buildRules = (
			);
			dependencies = (
				1744F53C1F67684A007B4681 /* PBXTargetDependency */,
			);
			name = TransactionListUITests;
			productName = TransactionListUITests;
			productReference = 1744F53A1F67684A007B4681 /* TransactionListUITests.xctest */;
			productType = "com.apple.product-type.bundle.ui-testing";
		};
/* End PBXNativeTarget section */

/* Begin PBXProject section */
		1744F50E1F676849007B4681 /* Project object */ = {
			isa = PBXProject;
			attributes = {
				LastUpgradeCheck = 0830;
				ORGANIZATIONNAME = NowOrNever;
				TargetAttributes = {
					1744F5151F676849007B4681 = {
						CreatedOnToolsVersion = 8.3.2;
						DevelopmentTeam = 32C6F7YM75;
						ProvisioningStyle = Automatic;
					};
					1744F52E1F67684A007B4681 = {
						CreatedOnToolsVersion = 8.3.2;
						DevelopmentTeam = 32C6F7YM75;
						ProvisioningStyle = Automatic;
						TestTargetID = 1744F5151F676849007B4681;
					};
					1744F5391F67684A007B4681 = {
						CreatedOnToolsVersion = 8.3.2;
						DevelopmentTeam = 32C6F7YM75;
						ProvisioningStyle = Automatic;
						TestTargetID = 1744F5151F676849007B4681;
					};
				};
			};
			buildConfigurationList = 1744F5111F676849007B4681 /* Build configuration list for PBXProject "TransactionList" */;
			compatibilityVersion = "Xcode 3.2";
			developmentRegion = English;
			hasScannedForEncodings = 0;
			knownRegions = (
				en,
				Base,
			);
			mainGroup = 1744F50D1F676849007B4681;
			productRefGroup = 1744F5171F676849007B4681 /* Products */;
			projectDirPath = "";
			projectRoot = "";
			targets = (
				1744F5151F676849007B4681 /* TransactionList */,
				1744F52E1F67684A007B4681 /* TransactionListTests */,
				1744F5391F67684A007B4681 /* TransactionListUITests */,
			);
		};
/* End PBXProject section */

/* Begin PBXResourcesBuildPhase section */
		1744F5141F676849007B4681 /* Resources */ = {
			isa = PBXResourcesBuildPhase;
			buildActionMask = 2147483647;
			files = (
				1744F5291F676849007B4681 /* LaunchScreen.storyboard in Resources */,
				1744F5261F676849007B4681 /* Assets.xcassets in Resources */,
				1744F5241F676849007B4681 /* Main.storyboard in Resources */,
			);
			runOnlyForDeploymentPostprocessing = 0;
		};
		1744F52D1F67684A007B4681 /* Resources */ = {
			isa = PBXResourcesBuildPhase;
			buildActionMask = 2147483647;
			files = (
			);
			runOnlyForDeploymentPostprocessing = 0;
		};
		1744F5381F67684A007B4681 /* Resources */ = {
			isa = PBXResourcesBuildPhase;
			buildActionMask = 2147483647;
			files = (
			);
			runOnlyForDeploymentPostprocessing = 0;
		};
/* End PBXResourcesBuildPhase section */

/* Begin PBXShellScriptBuildPhase section */
		79A3F06C9D3C3BDC0A1F9866 /* [CP] Copy Pods Resources */ = {
			isa = PBXShellScriptBuildPhase;
			buildActionMask = 2147483647;
			files = (
			);
			inputPaths = (
			);
			name = "[CP] Copy Pods Resources";
			outputPaths = (
			);
			runOnlyForDeploymentPostprocessing = 0;
			shellPath = /bin/sh;
			shellScript = "\"${SRCROOT}/Pods/Target Support Files/Pods-TransactionList/Pods-TransactionList-resources.sh\"\n";
			showEnvVarsInLog = 0;
		};
		866FB96DC485A6939052FB5B /* [CP] Embed Pods Frameworks */ = {
			isa = PBXShellScriptBuildPhase;
			buildActionMask = 2147483647;
			files = (
			);
			inputPaths = (
			);
			name = "[CP] Embed Pods Frameworks";
			outputPaths = (
			);
			runOnlyForDeploymentPostprocessing = 0;
			shellPath = /bin/sh;
			shellScript = "\"${SRCROOT}/Pods/Target Support Files/Pods-TransactionList/Pods-TransactionList-frameworks.sh\"\n";
			showEnvVarsInLog = 0;
		};
		B9371734B6BD0677B0A28E47 /* [CP] Check Pods Manifest.lock */ = {
			isa = PBXShellScriptBuildPhase;
			buildActionMask = 2147483647;
			files = (
			);
			inputPaths = (
				"${PODS_PODFILE_DIR_PATH}/Podfile.lock",
				"${PODS_ROOT}/Manifest.lock",
			);
			name = "[CP] Check Pods Manifest.lock";
			outputPaths = (
				"$(DERIVED_FILE_DIR)/Pods-TransactionList-checkManifestLockResult.txt",
			);
			runOnlyForDeploymentPostprocessing = 0;
			shellPath = /bin/sh;
			shellScript = "diff \"${PODS_PODFILE_DIR_PATH}/Podfile.lock\" \"${PODS_ROOT}/Manifest.lock\" > /dev/null\nif [ $? != 0 ] ; then\n    # print error to STDERR\n    echo \"error: The sandbox is not in sync with the Podfile.lock. Run 'pod install' or update your CocoaPods installation.\" >&2\n    exit 1\nfi\n# This output is used by Xcode 'outputs' to avoid re-running this script phase.\necho \"SUCCESS\" > \"${SCRIPT_OUTPUT_FILE_0}\"\n";
			showEnvVarsInLog = 0;
		};
/* End PBXShellScriptBuildPhase section */

/* Begin PBXSourcesBuildPhase section */
		1744F5121F676849007B4681 /* Sources */ = {
			isa = PBXSourcesBuildPhase;
			buildActionMask = 2147483647;
			files = (
				176413F51F68287800AC304B /* ZJLNavigationController.m in Sources */,
				1744F5211F676849007B4681 /* ViewController.m in Sources */,
				1744F51E1F676849007B4681 /* AppDelegate.m in Sources */,
				176413EF1F6827FA00AC304B /* ZJLTabBar.m in Sources */,
				176413F21F68282900AC304B /* ZJLTabBarController.m in Sources */,
				1744F51B1F676849007B4681 /* main.m in Sources */,
			);
			runOnlyForDeploymentPostprocessing = 0;
		};
		1744F52B1F67684A007B4681 /* Sources */ = {
			isa = PBXSourcesBuildPhase;
			buildActionMask = 2147483647;
			files = (
				1744F5341F67684A007B4681 /* TransactionListTests.m in Sources */,
			);
			runOnlyForDeploymentPostprocessing = 0;
		};
		1744F5361F67684A007B4681 /* Sources */ = {
			isa = PBXSourcesBuildPhase;
			buildActionMask = 2147483647;
			files = (
				1744F53F1F67684A007B4681 /* TransactionListUITests.m in Sources */,
			);
			runOnlyForDeploymentPostprocessing = 0;
		};
/* End PBXSourcesBuildPhase section */

/* Begin PBXTargetDependency section */
		1744F5311F67684A007B4681 /* PBXTargetDependency */ = {
			isa = PBXTargetDependency;
			target = 1744F5151F676849007B4681 /* TransactionList */;
			targetProxy = 1744F5301F67684A007B4681 /* PBXContainerItemProxy */;
		};
		1744F53C1F67684A007B4681 /* PBXTargetDependency */ = {
			isa = PBXTargetDependency;
			target = 1744F5151F676849007B4681 /* TransactionList */;
			targetProxy = 1744F53B1F67684A007B4681 /* PBXContainerItemProxy */;
		};
/* End PBXTargetDependency section */

/* Begin PBXVariantGroup section */
		1744F5221F676849007B4681 /* Main.storyboard */ = {
			isa = PBXVariantGroup;
			children = (
				1744F5231F676849007B4681 /* Base */,
			);
			name = Main.storyboard;
			sourceTree = "<group>";
		};
		1744F5271F676849007B4681 /* LaunchScreen.storyboard */ = {
			isa = PBXVariantGroup;
			children = (
				1744F5281F676849007B4681 /* Base */,
			);
			name = LaunchScreen.storyboard;
			sourceTree = "<group>";
		};
/* End PBXVariantGroup section */

/* Begin XCBuildConfiguration section */
		1744F5411F67684A007B4681 /* Debug */ = {
			isa = XCBuildConfiguration;
			buildSettings = {
				ALWAYS_SEARCH_USER_PATHS = NO;
				CLANG_ANALYZER_NONNULL = YES;
				CLANG_ANALYZER_NUMBER_OBJECT_CONVERSION = YES_AGGRESSIVE;
				CLANG_CXX_LANGUAGE_STANDARD = "gnu++0x";
				CLANG_CXX_LIBRARY = "libc++";
				CLANG_ENABLE_MODULES = YES;
				CLANG_ENABLE_OBJC_ARC = YES;
				CLANG_WARN_BOOL_CONVERSION = YES;
				CLANG_WARN_CONSTANT_CONVERSION = YES;
				CLANG_WARN_DIRECT_OBJC_ISA_USAGE = YES_ERROR;
				CLANG_WARN_DOCUMENTATION_COMMENTS = YES;
				CLANG_WARN_EMPTY_BODY = YES;
				CLANG_WARN_ENUM_CONVERSION = YES;
				CLANG_WARN_INFINITE_RECURSION = YES;
				CLANG_WARN_INT_CONVERSION = YES;
				CLANG_WARN_OBJC_ROOT_CLASS = YES_ERROR;
				CLANG_WARN_SUSPICIOUS_MOVE = YES;
				CLANG_WARN_UNREACHABLE_CODE = YES;
				CLANG_WARN__DUPLICATE_METHOD_MATCH = YES;
				"CODE_SIGN_IDENTITY[sdk=iphoneos*]" = "iPhone Developer";
				COPY_PHASE_STRIP = NO;
				DEBUG_INFORMATION_FORMAT = dwarf;
				ENABLE_STRICT_OBJC_MSGSEND = YES;
				ENABLE_TESTABILITY = YES;
				GCC_C_LANGUAGE_STANDARD = gnu99;
				GCC_DYNAMIC_NO_PIC = NO;
				GCC_NO_COMMON_BLOCKS = YES;
				GCC_OPTIMIZATION_LEVEL = 0;
				GCC_PREPROCESSOR_DEFINITIONS = (
					"DEBUG=1",
					"$(inherited)",
				);
				GCC_WARN_64_TO_32_BIT_CONVERSION = YES;
				GCC_WARN_ABOUT_RETURN_TYPE = YES_ERROR;
				GCC_WARN_UNDECLARED_SELECTOR = YES;
				GCC_WARN_UNINITIALIZED_AUTOS = YES_AGGRESSIVE;
				GCC_WARN_UNUSED_FUNCTION = YES;
				GCC_WARN_UNUSED_VARIABLE = YES;
				IPHONEOS_DEPLOYMENT_TARGET = 10.3;
				MTL_ENABLE_DEBUG_INFO = YES;
				ONLY_ACTIVE_ARCH = YES;
				SDKROOT = iphoneos;
			};
			name = Debug;
		};
		1744F5421F67684A007B4681 /* Release */ = {
			isa = XCBuildConfiguration;
			buildSettings = {
				ALWAYS_SEARCH_USER_PATHS = NO;
				CLANG_ANALYZER_NONNULL = YES;
				CLANG_ANALYZER_NUMBER_OBJECT_CONVERSION = YES_AGGRESSIVE;
				CLANG_CXX_LANGUAGE_STANDARD = "gnu++0x";
				CLANG_CXX_LIBRARY = "libc++";
				CLANG_ENABLE_MODULES = YES;
				CLANG_ENABLE_OBJC_ARC = YES;
				CLANG_WARN_BOOL_CONVERSION = YES;
				CLANG_WARN_CONSTANT_CONVERSION = YES;
				CLANG_WARN_DIRECT_OBJC_ISA_USAGE = YES_ERROR;
				CLANG_WARN_DOCUMENTATION_COMMENTS = YES;
				CLANG_WARN_EMPTY_BODY = YES;
				CLANG_WARN_ENUM_CONVERSION = YES;
				CLANG_WARN_INFINITE_RECURSION = YES;
				CLANG_WARN_INT_CONVERSION = YES;
				CLANG_WARN_OBJC_ROOT_CLASS = YES_ERROR;
				CLANG_WARN_SUSPICIOUS_MOVE = YES;
				CLANG_WARN_UNREACHABLE_CODE = YES;
				CLANG_WARN__DUPLICATE_METHOD_MATCH = YES;
				"CODE_SIGN_IDENTITY[sdk=iphoneos*]" = "iPhone Developer";
				COPY_PHASE_STRIP = NO;
				DEBUG_INFORMATION_FORMAT = "dwarf-with-dsym";
				ENABLE_NS_ASSERTIONS = NO;
				ENABLE_STRICT_OBJC_MSGSEND = YES;
				GCC_C_LANGUAGE_STANDARD = gnu99;
				GCC_NO_COMMON_BLOCKS = YES;
				GCC_WARN_64_TO_32_BIT_CONVERSION = YES;
				GCC_WARN_ABOUT_RETURN_TYPE = YES_ERROR;
				GCC_WARN_UNDECLARED_SELECTOR = YES;
				GCC_WARN_UNINITIALIZED_AUTOS = YES_AGGRESSIVE;
				GCC_WARN_UNUSED_FUNCTION = YES;
				GCC_WARN_UNUSED_VARIABLE = YES;
				IPHONEOS_DEPLOYMENT_TARGET = 10.3;
				MTL_ENABLE_DEBUG_INFO = NO;
				SDKROOT = iphoneos;
				VALIDATE_PRODUCT = YES;
			};
			name = Release;
		};
		1744F5441F67684A007B4681 /* Debug */ = {
			isa = XCBuildConfiguration;
			baseConfigurationReference = 011159C39A5678A6FED230D5 /* Pods-TransactionList.debug.xcconfig */;
			buildSettings = {
				ASSETCATALOG_COMPILER_APPICON_NAME = AppIcon;
				DEVELOPMENT_TEAM = 32C6F7YM75;
				INFOPLIST_FILE = TransactionList/Info.plist;
				LD_RUNPATH_SEARCH_PATHS = "$(inherited) @executable_path/Frameworks";
				PRODUCT_BUNDLE_IDENTIFIER = JinlongZhang.TransactionList;
				PRODUCT_NAME = "$(TARGET_NAME)";
			};
			name = Debug;
		};
		1744F5451F67684A007B4681 /* Release */ = {
			isa = XCBuildConfiguration;
			baseConfigurationReference = 95B653BDF32043E77691B281 /* Pods-TransactionList.release.xcconfig */;
			buildSettings = {
				ASSETCATALOG_COMPILER_APPICON_NAME = AppIcon;
				DEVELOPMENT_TEAM = 32C6F7YM75;
				INFOPLIST_FILE = TransactionList/Info.plist;
				LD_RUNPATH_SEARCH_PATHS = "$(inherited) @executable_path/Frameworks";
				PRODUCT_BUNDLE_IDENTIFIER = JinlongZhang.TransactionList;
				PRODUCT_NAME = "$(TARGET_NAME)";
			};
			name = Release;
		};
		1744F5471F67684A007B4681 /* Debug */ = {
			isa = XCBuildConfiguration;
			buildSettings = {
				BUNDLE_LOADER = "$(TEST_HOST)";
				DEVELOPMENT_TEAM = 32C6F7YM75;
				INFOPLIST_FILE = TransactionListTests/Info.plist;
				LD_RUNPATH_SEARCH_PATHS = "$(inherited) @executable_path/Frameworks @loader_path/Frameworks";
				PRODUCT_BUNDLE_IDENTIFIER = JinlongZhang.TransactionListTests;
				PRODUCT_NAME = "$(TARGET_NAME)";
				TEST_HOST = "$(BUILT_PRODUCTS_DIR)/TransactionList.app/TransactionList";
			};
			name = Debug;
		};
		1744F5481F67684A007B4681 /* Release */ = {
			isa = XCBuildConfiguration;
			buildSettings = {
				BUNDLE_LOADER = "$(TEST_HOST)";
				DEVELOPMENT_TEAM = 32C6F7YM75;
				INFOPLIST_FILE = TransactionListTests/Info.plist;
				LD_RUNPATH_SEARCH_PATHS = "$(inherited) @executable_path/Frameworks @loader_path/Frameworks";
				PRODUCT_BUNDLE_IDENTIFIER = JinlongZhang.TransactionListTests;
				PRODUCT_NAME = "$(TARGET_NAME)";
				TEST_HOST = "$(BUILT_PRODUCTS_DIR)/TransactionList.app/TransactionList";
			};
			name = Release;
		};
		1744F54A1F67684A007B4681 /* Debug */ = {
			isa = XCBuildConfiguration;
			buildSettings = {
				DEVELOPMENT_TEAM = 32C6F7YM75;
				INFOPLIST_FILE = TransactionListUITests/Info.plist;
				LD_RUNPATH_SEARCH_PATHS = "$(inherited) @executable_path/Frameworks @loader_path/Frameworks";
				PRODUCT_BUNDLE_IDENTIFIER = JinlongZhang.TransactionListUITests;
				PRODUCT_NAME = "$(TARGET_NAME)";
				TEST_TARGET_NAME = TransactionList;
			};
			name = Debug;
		};
		1744F54B1F67684A007B4681 /* Release */ = {
			isa = XCBuildConfiguration;
			buildSettings = {
				DEVELOPMENT_TEAM = 32C6F7YM75;
				INFOPLIST_FILE = TransactionListUITests/Info.plist;
				LD_RUNPATH_SEARCH_PATHS = "$(inherited) @executable_path/Frameworks @loader_path/Frameworks";
				PRODUCT_BUNDLE_IDENTIFIER = JinlongZhang.TransactionListUITests;
				PRODUCT_NAME = "$(TARGET_NAME)";
				TEST_TARGET_NAME = TransactionList;
			};
			name = Release;
		};
/* End XCBuildConfiguration section */

/* Begin XCConfigurationList section */
		1744F5111F676849007B4681 /* Build configuration list for PBXProject "TransactionList" */ = {
			isa = XCConfigurationList;
			buildConfigurations = (
				1744F5411F67684A007B4681 /* Debug */,
				1744F5421F67684A007B4681 /* Release */,
			);
			defaultConfigurationIsVisible = 0;
			defaultConfigurationName = Release;
		};
		1744F5431F67684A007B4681 /* Build configuration list for PBXNativeTarget "TransactionList" */ = {
			isa = XCConfigurationList;
			buildConfigurations = (
				1744F5441F67684A007B4681 /* Debug */,
				1744F5451F67684A007B4681 /* Release */,
			);
			defaultConfigurationIsVisible = 0;
			defaultConfigurationName = Release;
		};
		1744F5461F67684A007B4681 /* Build configuration list for PBXNativeTarget "TransactionListTests" */ = {
			isa = XCConfigurationList;
			buildConfigurations = (
				1744F5471F67684A007B4681 /* Debug */,
				1744F5481F67684A007B4681 /* Release */,
			);
			defaultConfigurationIsVisible = 0;
			defaultConfigurationName = Release;
		};
		1744F5491F67684A007B4681 /* Build configuration list for PBXNativeTarget "TransactionListUITests" */ = {
			isa = XCConfigurationList;
			buildConfigurations = (
				1744F54A1F67684A007B4681 /* Debug */,
				1744F54B1F67684A007B4681 /* Release */,
			);
			defaultConfigurationIsVisible = 0;
			defaultConfigurationName = Release;
		};
/* End XCConfigurationList section */
	};
	rootObject = 1744F50E1F676849007B4681 /* Project object */;
}
